
Microsoft Visual Studio Solution File, Format Version 12.00
# Visual Studio Version 17
VisualStudioVersion = 17.4.33110.190
MinimumVisualStudioVersion = 10.0.40219.1
Project("{9A19103F-16F7-4668-BE54-9A1E7A4F7556}") = "WPF_New", "WPF_New\WPF_New.csproj", "{2E66433D-8CD8-47A1-A589-0B37D5B82847}"
EndProject
Global
	GlobalSection(SolutionConfigurationPlatforms) = preSolution
		Debug|Any CPU = Debug|Any CPU
		Release|Any CPU = Release|Any CPU
	EndGlobalSection
	GlobalSection(ProjectConfigurationPlatforms) = postSolution
		{2E66433D-8CD8-47A1-A589-0B37D5B82847}.Debug|Any CPU.ActiveCfg = Debug|Any CPU
		{2E66433D-8CD8-47A1-A589-0B37D5B82847}.Debug|Any CPU.Build.0 = Debug|Any CPU
		{2E66433D-8CD8-47A1-A589-0B37D5B82847}.Release|Any CPU.ActiveCfg = Release|Any CPU
		{2E66433D-8CD8-47A1-A589-0B37D5B82847}.Release|Any CPU.Build.0 = Release|Any CPU
	EndGlobalSection
	GlobalSection(SolutionProperties) = preSolution
		HideSolutionNode = FALSE
	EndGlobalSection
	GlobalSection(ExtensibilityGlobals) = postSolution
		SolutionGuid = {0921F7C6-1CFA-4271-99D9-E4508CE273DC}
	EndGlobalSection
EndGlobal
